
Microsoft Visual Studio Solution File, Format Version 12.00
# Visual Studio Version 16
VisualStudioVersion = 16.0.29509.3
MinimumVisualStudioVersion = 10.0.40219.1
Project("{9A19103F-16F7-4668-BE54-9A1E7A4F7556}") = "D3SK.NetCore.Common", "src\D3SK.NetCore.Common\D3SK.NetCore.Common.csproj", "{13CE7D50-908A-4E1B-99D6-249D926F5012}"
EndProject
Project("{9A19103F-16F7-4668-BE54-9A1E7A4F7556}") = "D3SK.NetCore.Domain", "src\D3SK.NetCore.Domain\D3SK.NetCore.Domain.csproj", "{CF033158-7EA3-40E9-8C1E-EB9B6577187D}"
EndProject
Project("{9A19103F-16F7-4668-BE54-9A1E7A4F7556}") = "D3SK.NetCore.Infrastructure", "src\D3SK.NetCore.Infrastructure\D3SK.NetCore.Infrastructure.csproj", "{140D3B32-B81A-4956-8FC1-5905E5A0F17C}"
EndProject
Project("{2150E333-8FDC-42A3-9474-1A3956D46DE8}") = "BookstoreExample", "BookstoreExample", "{61FC6453-AF13-4CC3-A843-8A3228C34D28}"
EndProject
Project("{2150E333-8FDC-42A3-9474-1A3956D46DE8}") = "Services", "Services", "{EB8D9AC7-ED8D-4792-BB31-B18BEB0A237A}"
EndProject
Project("{9A19103F-16F7-4668-BE54-9A1E7A4F7556}") = "ExampleBookstore.Domain", "src\ExampleBookstore\ExampleBookstore.Domain\ExampleBookstore.Domain.csproj", "{647D0F73-A793-4E24-BABA-2803A66ED546}"
EndProject
Project("{9A19103F-16F7-4668-BE54-9A1E7A4F7556}") = "ExampleBookstore.Infrastructure", "src\ExampleBookstore\ExampleBookstore.Infrastructure\ExampleBookstore.Infrastructure.csproj", "{08A41F6F-A40F-4B86-8DAC-95681729A553}"
EndProject
Project("{2150E333-8FDC-42A3-9474-1A3956D46DE8}") = "BookService", "BookService", "{C211073C-31C5-45B3-B0E1-508A7D6CE347}"
EndProject
Project("{9A19103F-16F7-4668-BE54-9A1E7A4F7556}") = "BookService.Domain", "src\ExampleBookstore\Services\BookService.Domain\BookService.Domain.csproj", "{828CD872-90A8-4801-9E84-CC38C8928E19}"
EndProject
Project("{9A19103F-16F7-4668-BE54-9A1E7A4F7556}") = "BookService.Api", "src\ExampleBookstore\Services\BookService.Api\BookService.Api.csproj", "{76816FA4-BDC8-4FE6-84F4-E9E8F89103FE}"
EndProject
Project("{9A19103F-16F7-4668-BE54-9A1E7A4F7556}") = "BookService.Infrastructure", "src\ExampleBookstore\Services\BookService.Infrastructure\BookService.Infrastructure.csproj", "{BFC1720D-A174-443F-9284-F7CC413E3149}"
EndProject
Project("{9A19103F-16F7-4668-BE54-9A1E7A4F7556}") = "ServicesTransport.Common", "src\ExampleBookstore\Services\ServicesTransport.Common\ServicesTransport.Common.csproj", "{EA088FD1-F86B-4A74-9ECD-4FC64B843C93}"
EndProject
Project("{9A19103F-16F7-4668-BE54-9A1E7A4F7556}") = "ServicesTransport.Infrastructure", "src\ExampleBookstore\Services\ServicesTransport.Infrastructure\ServicesTransport.Infrastructure.csproj", "{34F87129-C953-45A1-8C69-3B6E5C5237BE}"
EndProject
Project("{9A19103F-16F7-4668-BE54-9A1E7A4F7556}") = "D3SK.NetCore.Api", "src\D3SK.NetCore.Api\D3SK.NetCore.Api.csproj", "{E0DECFFE-1743-4951-9316-F5D5AA57B028}"
EndProject
Project("{FAE04EC0-301F-11D3-BF4B-00C04F79EFBC}") = "ServicesGateway.Api", "src\ExampleBookstore\Services\ServicesGateway.Api\ServicesGateway.Api.csproj", "{8BACDA79-4E10-4B2F-8234-56658FC43322}"
EndProject
Global
	GlobalSection(SolutionConfigurationPlatforms) = preSolution
		Debug|Any CPU = Debug|Any CPU
		Release|Any CPU = Release|Any CPU
	EndGlobalSection
	GlobalSection(ProjectConfigurationPlatforms) = postSolution
		{13CE7D50-908A-4E1B-99D6-249D926F5012}.Debug|Any CPU.ActiveCfg = Debug|Any CPU
		{13CE7D50-908A-4E1B-99D6-249D926F5012}.Debug|Any CPU.Build.0 = Debug|Any CPU
		{13CE7D50-908A-4E1B-99D6-249D926F5012}.Release|Any CPU.ActiveCfg = Release|Any CPU
		{13CE7D50-908A-4E1B-99D6-249D926F5012}.Release|Any CPU.Build.0 = Release|Any CPU
		{CF033158-7EA3-40E9-8C1E-EB9B6577187D}.Debug|Any CPU.ActiveCfg = Debug|Any CPU
		{CF033158-7EA3-40E9-8C1E-EB9B6577187D}.Debug|Any CPU.Build.0 = Debug|Any CPU
		{CF033158-7EA3-40E9-8C1E-EB9B6577187D}.Release|Any CPU.ActiveCfg = Release|Any CPU
		{CF033158-7EA3-40E9-8C1E-EB9B6577187D}.Release|Any CPU.Build.0 = Release|Any CPU
		{140D3B32-B81A-4956-8FC1-5905E5A0F17C}.Debug|Any CPU.ActiveCfg = Debug|Any CPU
		{140D3B32-B81A-4956-8FC1-5905E5A0F17C}.Debug|Any CPU.Build.0 = Debug|Any CPU
		{140D3B32-B81A-4956-8FC1-5905E5A0F17C}.Release|Any CPU.ActiveCfg = Release|Any CPU
		{140D3B32-B81A-4956-8FC1-5905E5A0F17C}.Release|Any CPU.Build.0 = Release|Any CPU
		{647D0F73-A793-4E24-BABA-2803A66ED546}.Debug|Any CPU.ActiveCfg = Debug|Any CPU
		{647D0F73-A793-4E24-BABA-2803A66ED546}.Debug|Any CPU.Build.0 = Debug|Any CPU
		{647D0F73-A793-4E24-BABA-2803A66ED546}.Release|Any CPU.ActiveCfg = Release|Any CPU
		{647D0F73-A793-4E24-BABA-2803A66ED546}.Release|Any CPU.Build.0 = Release|Any CPU
		{08A41F6F-A40F-4B86-8DAC-95681729A553}.Debug|Any CPU.ActiveCfg = Debug|Any CPU
		{08A41F6F-A40F-4B86-8DAC-95681729A553}.Debug|Any CPU.Build.0 = Debug|Any CPU
		{08A41F6F-A40F-4B86-8DAC-95681729A553}.Release|Any CPU.ActiveCfg = Release|Any CPU
		{08A41F6F-A40F-4B86-8DAC-95681729A553}.Release|Any CPU.Build.0 = Release|Any CPU
		{828CD872-90A8-4801-9E84-CC38C8928E19}.Debug|Any CPU.ActiveCfg = Debug|Any CPU
		{828CD872-90A8-4801-9E84-CC38C8928E19}.Debug|Any CPU.Build.0 = Debug|Any CPU
		{828CD872-90A8-4801-9E84-CC38C8928E19}.Release|Any CPU.ActiveCfg = Release|Any CPU
		{828CD872-90A8-4801-9E84-CC38C8928E19}.Release|Any CPU.Build.0 = Release|Any CPU
		{76816FA4-BDC8-4FE6-84F4-E9E8F89103FE}.Debug|Any CPU.ActiveCfg = Debug|Any CPU
		{76816FA4-BDC8-4FE6-84F4-E9E8F89103FE}.Debug|Any CPU.Build.0 = Debug|Any CPU
		{76816FA4-BDC8-4FE6-84F4-E9E8F89103FE}.Release|Any CPU.ActiveCfg = Release|Any CPU
		{76816FA4-BDC8-4FE6-84F4-E9E8F89103FE}.Release|Any CPU.Build.0 = Release|Any CPU
		{BFC1720D-A174-443F-9284-F7CC413E3149}.Debug|Any CPU.ActiveCfg = Debug|Any CPU
		{BFC1720D-A174-443F-9284-F7CC413E3149}.Debug|Any CPU.Build.0 = Debug|Any CPU
		{BFC1720D-A174-443F-9284-F7CC413E3149}.Release|Any CPU.ActiveCfg = Release|Any CPU
		{BFC1720D-A174-443F-9284-F7CC413E3149}.Release|Any CPU.Build.0 = Release|Any CPU
		{EA088FD1-F86B-4A74-9ECD-4FC64B843C93}.Debug|Any CPU.ActiveCfg = Debug|Any CPU
		{EA088FD1-F86B-4A74-9ECD-4FC64B843C93}.Debug|Any CPU.Build.0 = Debug|Any CPU
		{EA088FD1-F86B-4A74-9ECD-4FC64B843C93}.Release|Any CPU.ActiveCfg = Release|Any CPU
		{EA088FD1-F86B-4A74-9ECD-4FC64B843C93}.Release|Any CPU.Build.0 = Release|Any CPU
		{34F87129-C953-45A1-8C69-3B6E5C5237BE}.Debug|Any CPU.ActiveCfg = Debug|Any CPU
		{34F87129-C953-45A1-8C69-3B6E5C5237BE}.Debug|Any CPU.Build.0 = Debug|Any CPU
		{34F87129-C953-45A1-8C69-3B6E5C5237BE}.Release|Any CPU.ActiveCfg = Release|Any CPU
		{34F87129-C953-45A1-8C69-3B6E5C5237BE}.Release|Any CPU.Build.0 = Release|Any CPU
		{E0DECFFE-1743-4951-9316-F5D5AA57B028}.Debug|Any CPU.ActiveCfg = Debug|Any CPU
		{E0DECFFE-1743-4951-9316-F5D5AA57B028}.Debug|Any CPU.Build.0 = Debug|Any CPU
		{E0DECFFE-1743-4951-9316-F5D5AA57B028}.Release|Any CPU.ActiveCfg = Release|Any CPU
		{E0DECFFE-1743-4951-9316-F5D5AA57B028}.Release|Any CPU.Build.0 = Release|Any CPU
		{8BACDA79-4E10-4B2F-8234-56658FC43322}.Debug|Any CPU.ActiveCfg = Debug|Any CPU
		{8BACDA79-4E10-4B2F-8234-56658FC43322}.Debug|Any CPU.Build.0 = Debug|Any CPU
		{8BACDA79-4E10-4B2F-8234-56658FC43322}.Release|Any CPU.ActiveCfg = Release|Any CPU
		{8BACDA79-4E10-4B2F-8234-56658FC43322}.Release|Any CPU.Build.0 = Release|Any CPU
	EndGlobalSection
	GlobalSection(SolutionProperties) = preSolution
		HideSolutionNode = FALSE
	EndGlobalSection
	GlobalSection(NestedProjects) = preSolution
		{EB8D9AC7-ED8D-4792-BB31-B18BEB0A237A} = {61FC6453-AF13-4CC3-A843-8A3228C34D28}
		{647D0F73-A793-4E24-BABA-2803A66ED546} = {61FC6453-AF13-4CC3-A843-8A3228C34D28}
		{08A41F6F-A40F-4B86-8DAC-95681729A553} = {61FC6453-AF13-4CC3-A843-8A3228C34D28}
		{C211073C-31C5-45B3-B0E1-508A7D6CE347} = {EB8D9AC7-ED8D-4792-BB31-B18BEB0A237A}
		{828CD872-90A8-4801-9E84-CC38C8928E19} = {C211073C-31C5-45B3-B0E1-508A7D6CE347}
		{76816FA4-BDC8-4FE6-84F4-E9E8F89103FE} = {C211073C-31C5-45B3-B0E1-508A7D6CE347}
		{BFC1720D-A174-443F-9284-F7CC413E3149} = {C211073C-31C5-45B3-B0E1-508A7D6CE347}
		{EA088FD1-F86B-4A74-9ECD-4FC64B843C93} = {EB8D9AC7-ED8D-4792-BB31-B18BEB0A237A}
		{34F87129-C953-45A1-8C69-3B6E5C5237BE} = {EB8D9AC7-ED8D-4792-BB31-B18BEB0A237A}
		{8BACDA79-4E10-4B2F-8234-56658FC43322} = {EB8D9AC7-ED8D-4792-BB31-B18BEB0A237A}
	EndGlobalSection
	GlobalSection(ExtensibilityGlobals) = postSolution
		SolutionGuid = {45822BD7-7FA8-42C3-906E-70606AAB9E96}
	EndGlobalSection
EndGlobal
