
Microsoft Visual Studio Solution File, Format Version 12.00
# Visual Studio Version 16
VisualStudioVersion = 16.0.29509.3
MinimumVisualStudioVersion = 10.0.40219.1
Project("{FAE04EC0-301F-11D3-BF4B-00C04F79EFBC}") = "D3SK.NetCore.Common", "src\D3SK.NetCore.Common\D3SK.NetCore.Common.csproj", "{13CE7D50-908A-4E1B-99D6-249D926F5012}"
EndProject
Project("{FAE04EC0-301F-11D3-BF4B-00C04F79EFBC}") = "D3SK.NetCore.Domain", "src\D3SK.NetCore.Domain\D3SK.NetCore.Domain.csproj", "{CF033158-7EA3-40E9-8C1E-EB9B6577187D}"
EndProject
Project("{FAE04EC0-301F-11D3-BF4B-00C04F79EFBC}") = "D3SK.NetCore.Infrastructure", "src\D3SK.NetCore.Infrastructure\D3SK.NetCore.Infrastructure.csproj", "{140D3B32-B81A-4956-8FC1-5905E5A0F17C}"
EndProject
Global
	GlobalSection(SolutionConfigurationPlatforms) = preSolution
		Debug|Any CPU = Debug|Any CPU
		Release|Any CPU = Release|Any CPU
	EndGlobalSection
	GlobalSection(ProjectConfigurationPlatforms) = postSolution
		{13CE7D50-908A-4E1B-99D6-249D926F5012}.Debug|Any CPU.ActiveCfg = Debug|Any CPU
		{13CE7D50-908A-4E1B-99D6-249D926F5012}.Debug|Any CPU.Build.0 = Debug|Any CPU
		{13CE7D50-908A-4E1B-99D6-249D926F5012}.Release|Any CPU.ActiveCfg = Release|Any CPU
		{13CE7D50-908A-4E1B-99D6-249D926F5012}.Release|Any CPU.Build.0 = Release|Any CPU
		{CF033158-7EA3-40E9-8C1E-EB9B6577187D}.Debug|Any CPU.ActiveCfg = Debug|Any CPU
		{CF033158-7EA3-40E9-8C1E-EB9B6577187D}.Debug|Any CPU.Build.0 = Debug|Any CPU
		{CF033158-7EA3-40E9-8C1E-EB9B6577187D}.Release|Any CPU.ActiveCfg = Release|Any CPU
		{CF033158-7EA3-40E9-8C1E-EB9B6577187D}.Release|Any CPU.Build.0 = Release|Any CPU
		{140D3B32-B81A-4956-8FC1-5905E5A0F17C}.Debug|Any CPU.ActiveCfg = Debug|Any CPU
		{140D3B32-B81A-4956-8FC1-5905E5A0F17C}.Debug|Any CPU.Build.0 = Debug|Any CPU
		{140D3B32-B81A-4956-8FC1-5905E5A0F17C}.Release|Any CPU.ActiveCfg = Release|Any CPU
		{140D3B32-B81A-4956-8FC1-5905E5A0F17C}.Release|Any CPU.Build.0 = Release|Any CPU
	EndGlobalSection
	GlobalSection(SolutionProperties) = preSolution
		HideSolutionNode = FALSE
	EndGlobalSection
	GlobalSection(ExtensibilityGlobals) = postSolution
		SolutionGuid = {45822BD7-7FA8-42C3-906E-70606AAB9E96}
	EndGlobalSection
EndGlobal
